<?xml version="1.0" encoding="UTF-8" standalone="yes" ?>
<CodeBlocks_project_file>
	<FileVersion major="1" minor="6" />
	<Project>
		<Option title="sshshare" />
		<Option pch_mode="2" />
		<Option compiler="gcc" />
		<Build>
			<Target title="Debug">
				<Option output="bin/Debug/sshshare" prefix_auto="1" extension_auto="1" />
				<Option object_output="obj/Debug/" />
				<Option type="1" />
				<Option compiler="gcc" />
				<Compiler>
					<Add option="-Wextra" />
					<Add option="-Wall" />
					<Add option="-g" />
				</Compiler>
			</Target>
			<Target title="Release">
				<Option output="bin/Release/sshshare" prefix_auto="1" extension_auto="1" />
				<Option object_output="obj/Release/" />
				<Option type="0" />
				<Option compiler="gcc" />
				<Compiler>
					<Add option="-O2" />
				</Compiler>
				<Linker>
					<Add option="-s" />
				</Linker>
			</Target>
		</Build>
		<Compiler>
			<Add option="-Wall" />
			<Add option="`pkg-config gtk+-2.0 --cflags`" />
		</Compiler>
		<Linker>
			<Add option="`pkg-config gtk+-2.0 --libs` -lxerces-c" />
			<Add option="-lutil" />
			<Add option="-lboost_filesystem -lboost_system" />
		</Linker>
		<Unit filename="../.gitignore" />
		<Unit filename="../README.md" />
		<Unit filename="config.cxx" />
		<Unit filename="config.hxx" />
		<Unit filename="echoprocess.cxx" />
		<Unit filename="echoprocess.hxx" />
		<Unit filename="linewiseprocess.cxx" />
		<Unit filename="linewiseprocess.hxx" />
		<Unit filename="main.cxx" />
		<Unit filename="password.cxx" />
		<Unit filename="password.hxx" />
		<Unit filename="process.cxx" />
		<Unit filename="process.hxx" />
		<Unit filename="sampleshare.xml" />
		<Unit filename="scp.cxx" />
		<Unit filename="scp.hxx" />
		<Unit filename="shares.cxx" />
		<Unit filename="shares.hxx" />
		<Unit filename="sshprocess.cxx" />
		<Unit filename="sshprocess.hxx" />
		<Unit filename="sshshare.cxx" />
		<Unit filename="sshshare.hxx" />
		<Unit filename="sshshare.xsd" />
		<Unit filename="sshshare_config.cxx" />
		<Unit filename="sshshare_config.hxx" />
		<Unit filename="sshshare_config.xsd" />
		<Unit filename="test_main.cxx">
			<Option link="0" />
		</Unit>
		<Extensions>
			<code_completion />
			<envvars />
			<debugger />
			<lib_finder disable_auto="1" />
		</Extensions>
	</Project>
</CodeBlocks_project_file>
